
Microsoft Visual Studio Solution File, Format Version 12.00
# Visual Studio Version 17
VisualStudioVersion = 17.2.32630.192
MinimumVisualStudioVersion = 10.0.40219.1
Project("{9A19103F-16F7-4668-BE54-9A1E7A4F7556}") = "R5T.T0170.Construction", "R5T.T0170.Construction\R5T.T0170.Construction.csproj", "{2678ED4C-3191-4C86-A45A-134F7223CD17}"
EndProject
Project("{9A19103F-16F7-4668-BE54-9A1E7A4F7556}") = "R5T.T0170", "R5T.T0170\R5T.T0170.csproj", "{47519348-2C8F-45E2-8790-FBB6DF729AD6}"
EndProject
Project("{2150E333-8FDC-42A3-9474-1A3956D46DE8}") = "_Dependencies", "_Dependencies", "{9D32F78A-57F0-4CFB-8E0D-45984F5D239B}"
EndProject
Project("{9A19103F-16F7-4668-BE54-9A1E7A4F7556}") = "R5T.T0132", "..\..\R5T.T0132\source\R5T.T0132\R5T.T0132.csproj", "{1F587041-558F-4E01-9180-E5C29FAFB4C2}"
EndProject
Project("{9A19103F-16F7-4668-BE54-9A1E7A4F7556}") = "R5T.T0143", "..\..\R5T.T0143\source\R5T.T0143\R5T.T0143.csproj", "{5F247EA1-948E-41E0-99E1-BCBBCF683AFC}"
EndProject
Project("{9A19103F-16F7-4668-BE54-9A1E7A4F7556}") = "R5T.T0150", "..\..\R5T.T0150\source\R5T.T0150\R5T.T0150.csproj", "{FE5C8E96-785E-4E38-A3CC-DD7B3BD119F9}"
EndProject
Project("{9A19103F-16F7-4668-BE54-9A1E7A4F7556}") = "R5T.T0151", "..\..\R5T.T0151\source\R5T.T0151\R5T.T0151.csproj", "{14F03D5D-7ACA-4899-B5D3-A42A5612B493}"
EndProject
Project("{9A19103F-16F7-4668-BE54-9A1E7A4F7556}") = "R5T.T0171", "..\..\R5T.T0171\source\R5T.T0171\R5T.T0171.csproj", "{ACAA73AC-B0D4-471A-AC29-A3BD4C20FF1B}"
EndProject
Global
	GlobalSection(NestedProjects) = preSolution
		{1F587041-558F-4E01-9180-E5C29FAFB4C2} = {9D32F78A-57F0-4CFB-8E0D-45984F5D239B}
		{5F247EA1-948E-41E0-99E1-BCBBCF683AFC} = {9D32F78A-57F0-4CFB-8E0D-45984F5D239B}
		{FE5C8E96-785E-4E38-A3CC-DD7B3BD119F9} = {9D32F78A-57F0-4CFB-8E0D-45984F5D239B}
		{14F03D5D-7ACA-4899-B5D3-A42A5612B493} = {9D32F78A-57F0-4CFB-8E0D-45984F5D239B}
		{ACAA73AC-B0D4-471A-AC29-A3BD4C20FF1B} = {9D32F78A-57F0-4CFB-8E0D-45984F5D239B}
	EndGlobalSection
	GlobalSection(SolutionConfigurationPlatforms) = preSolution
		Debug|Any CPU = Debug|Any CPU
		Release|Any CPU = Release|Any CPU
	EndGlobalSection
	GlobalSection(ProjectConfigurationPlatforms) = postSolution
		{2678ED4C-3191-4C86-A45A-134F7223CD17}.Debug|Any CPU.ActiveCfg = Debug|Any CPU
		{2678ED4C-3191-4C86-A45A-134F7223CD17}.Debug|Any CPU.Build.0 = Debug|Any CPU
		{2678ED4C-3191-4C86-A45A-134F7223CD17}.Release|Any CPU.ActiveCfg = Release|Any CPU
		{2678ED4C-3191-4C86-A45A-134F7223CD17}.Release|Any CPU.Build.0 = Release|Any CPU
		{47519348-2C8F-45E2-8790-FBB6DF729AD6}.Debug|Any CPU.ActiveCfg = Debug|Any CPU
		{47519348-2C8F-45E2-8790-FBB6DF729AD6}.Debug|Any CPU.Build.0 = Debug|Any CPU
		{47519348-2C8F-45E2-8790-FBB6DF729AD6}.Release|Any CPU.ActiveCfg = Release|Any CPU
		{47519348-2C8F-45E2-8790-FBB6DF729AD6}.Release|Any CPU.Build.0 = Release|Any CPU
		{1F587041-558F-4E01-9180-E5C29FAFB4C2}.Debug|Any CPU.ActiveCfg = Debug|Any CPU
		{1F587041-558F-4E01-9180-E5C29FAFB4C2}.Debug|Any CPU.Build.0 = Debug|Any CPU
		{1F587041-558F-4E01-9180-E5C29FAFB4C2}.Release|Any CPU.ActiveCfg = Release|Any CPU
		{1F587041-558F-4E01-9180-E5C29FAFB4C2}.Release|Any CPU.Build.0 = Release|Any CPU
		{5F247EA1-948E-41E0-99E1-BCBBCF683AFC}.Debug|Any CPU.ActiveCfg = Debug|Any CPU
		{5F247EA1-948E-41E0-99E1-BCBBCF683AFC}.Debug|Any CPU.Build.0 = Debug|Any CPU
		{5F247EA1-948E-41E0-99E1-BCBBCF683AFC}.Release|Any CPU.ActiveCfg = Release|Any CPU
		{5F247EA1-948E-41E0-99E1-BCBBCF683AFC}.Release|Any CPU.Build.0 = Release|Any CPU
		{FE5C8E96-785E-4E38-A3CC-DD7B3BD119F9}.Debug|Any CPU.ActiveCfg = Debug|Any CPU
		{FE5C8E96-785E-4E38-A3CC-DD7B3BD119F9}.Debug|Any CPU.Build.0 = Debug|Any CPU
		{FE5C8E96-785E-4E38-A3CC-DD7B3BD119F9}.Release|Any CPU.ActiveCfg = Release|Any CPU
		{FE5C8E96-785E-4E38-A3CC-DD7B3BD119F9}.Release|Any CPU.Build.0 = Release|Any CPU
		{14F03D5D-7ACA-4899-B5D3-A42A5612B493}.Debug|Any CPU.ActiveCfg = Debug|Any CPU
		{14F03D5D-7ACA-4899-B5D3-A42A5612B493}.Debug|Any CPU.Build.0 = Debug|Any CPU
		{14F03D5D-7ACA-4899-B5D3-A42A5612B493}.Release|Any CPU.ActiveCfg = Release|Any CPU
		{14F03D5D-7ACA-4899-B5D3-A42A5612B493}.Release|Any CPU.Build.0 = Release|Any CPU
		{ACAA73AC-B0D4-471A-AC29-A3BD4C20FF1B}.Debug|Any CPU.ActiveCfg = Debug|Any CPU
		{ACAA73AC-B0D4-471A-AC29-A3BD4C20FF1B}.Debug|Any CPU.Build.0 = Debug|Any CPU
		{ACAA73AC-B0D4-471A-AC29-A3BD4C20FF1B}.Release|Any CPU.ActiveCfg = Release|Any CPU
		{ACAA73AC-B0D4-471A-AC29-A3BD4C20FF1B}.Release|Any CPU.Build.0 = Release|Any CPU
	EndGlobalSection
	GlobalSection(SolutionProperties) = preSolution
		HideSolutionNode = FALSE
	EndGlobalSection
	GlobalSection(ExtensibilityGlobals) = postSolution
		SolutionGuid = {5495E3AC-B03D-47E4-A41D-A4406A5ADA1D}
	EndGlobalSection
EndGlobal
